<?xml version="1.0" encoding="utf-8"?>
<Project ToolsVersion="4.0" xmlns="http://schemas.microsoft.com/developer/msbuild/2003">
  <ItemGroup>
    <Filter Include="src">
      <UniqueIdentifier>{afaa3c08-9c64-4d9e-9d2d-b6689dc30af7}</UniqueIdentifier>
    </Filter>
    <Filter Include="src\animation">
      <UniqueIdentifier>{b30d2d4b-679e-4334-afe6-8ddd4f5b0012}</UniqueIdentifier>
    </Filter>
    <Filter Include="src\animation\particles">
      <UniqueIdentifier>{a5242356-2751-446c-be91-c502539e715b}</UniqueIdentifier>
    </Filter>
    <Filter Include="src\entities">
      <UniqueIdentifier>{458da7dc-c4d5-4b2c-8b7e-f89f3688b666}</UniqueIdentifier>
    </Filter>
    <Filter Include="src\entities\objects">
      <UniqueIdentifier>{6e0d9201-1a0c-4ddb-9c09-ce7e2a71272c}</UniqueIdentifier>
    </Filter>
    <Filter Include="src\ui">
      <UniqueIdentifier>{fe2568e3-155b-4a7b-8a39-df90c7752ec8}</UniqueIdentifier>
    </Filter>
    <Filter Include="src\utility">
      <UniqueIdentifier>{4406d98e-2ac6-4d89-a7e3-737f383f3e44}</UniqueIdentifier>
    </Filter>
    <Filter Include="src\world">
      <UniqueIdentifier>{9d062920-6fac-41ec-b65a-9f6440980e8f}</UniqueIdentifier>
    </Filter>
    <Filter Include="src\entities\beings">
      <UniqueIdentifier>{d25bb59f-10bb-411d-8e56-a601dbb16f36}</UniqueIdentifier>
    </Filter>
    <Filter Include="src\entities\beings\goblinoids">
      <UniqueIdentifier>{7a3b6635-f54f-499f-a8e8-a1c2ea9494a9}</UniqueIdentifier>
    </Filter>
    <Filter Include="src\items">
      <UniqueIdentifier>{e363e4de-9bab-4f56-9da3-6a7b25071101}</UniqueIdentifier>
    </Filter>
    <Filter Include="src\items\weapons">
      <UniqueIdentifier>{3e77930b-d355-48ea-adea-73e32287077b}</UniqueIdentifier>
    </Filter>
    <Filter Include="src\entities\beings\statuses">
      <UniqueIdentifier>{a2a83533-6206-4551-ac7f-82a37b385f35}</UniqueIdentifier>
    </Filter>
    <Filter Include="include">
      <UniqueIdentifier>{67d163b0-2a95-4f45-b4bd-ec4125d1597c}</UniqueIdentifier>
    </Filter>
    <Filter Include="include\animation">
      <UniqueIdentifier>{c455b766-4f6f-49cc-841a-b2ad2f8f4d73}</UniqueIdentifier>
    </Filter>
    <Filter Include="include\animation\particles">
      <UniqueIdentifier>{5d3b2039-4b75-401b-862e-793fb157a4ae}</UniqueIdentifier>
    </Filter>
    <Filter Include="include\entities">
      <UniqueIdentifier>{9bf1436a-91ee-4a9f-a2aa-62e383f8bd99}</UniqueIdentifier>
    </Filter>
    <Filter Include="include\entities\beings">
      <UniqueIdentifier>{34575e59-38b9-4036-8045-2a2311be3099}</UniqueIdentifier>
    </Filter>
    <Filter Include="include\entities\beings\statuses">
      <UniqueIdentifier>{b16d270c-5eb2-4c9d-b662-bc15cef1fb9c}</UniqueIdentifier>
    </Filter>
    <Filter Include="include\entities\beings\goblinoids">
      <UniqueIdentifier>{be952fa2-bfac-4aae-a4b3-242f5c95058a}</UniqueIdentifier>
    </Filter>
    <Filter Include="include\entities\objects">
      <UniqueIdentifier>{a80d227d-1a1a-4c7d-9e5d-21d5d94dcfaf}</UniqueIdentifier>
    </Filter>
    <Filter Include="include\items">
      <UniqueIdentifier>{f8a7eef9-f5f0-4e32-ae04-f50edf9fee6d}</UniqueIdentifier>
    </Filter>
    <Filter Include="include\items\armor">
      <UniqueIdentifier>{b84fc0dd-db2d-45f8-b459-fbbd4a5b8fe0}</UniqueIdentifier>
    </Filter>
    <Filter Include="include\items\potions">
      <UniqueIdentifier>{01cfb1fd-fadd-4aa5-a28b-a82299927485}</UniqueIdentifier>
    </Filter>
    <Filter Include="include\items\weapons">
      <UniqueIdentifier>{5579dfe1-5925-4522-9352-07fbb97ecaa7}</UniqueIdentifier>
    </Filter>
    <Filter Include="include\ui">
      <UniqueIdentifier>{5d877783-6b45-46ca-9902-97e31b511ac3}</UniqueIdentifier>
    </Filter>
    <Filter Include="include\utility">
      <UniqueIdentifier>{8ec7bdaf-2d04-4997-896e-2d37fda1ba32}</UniqueIdentifier>
    </Filter>
    <Filter Include="include\world">
      <UniqueIdentifier>{bbbb5d55-d9b6-4dde-a3b5-cb99a2d2c034}</UniqueIdentifier>
    </Filter>
    <Filter Include="src\items\armor">
      <UniqueIdentifier>{514dd0a6-9b8e-4360-af60-e11397c4d775}</UniqueIdentifier>
    </Filter>
    <Filter Include="include\agents">
      <UniqueIdentifier>{0c046788-44fc-47b7-a763-9f48de126be5}</UniqueIdentifier>
    </Filter>
    <Filter Include="src\agents">
      <UniqueIdentifier>{b5f4aea7-2040-4a73-b5bc-9ab017196446}</UniqueIdentifier>
    </Filter>
    <Filter Include="include\effects">
      <UniqueIdentifier>{4a1611eb-a0cb-4b3f-b48b-00af8174a094}</UniqueIdentifier>
    </Filter>
    <Filter Include="include\ui\qte">
      <UniqueIdentifier>{72087a22-da19-4614-ad5b-a79bc21c2997}</UniqueIdentifier>
    </Filter>
    <Filter Include="src\ui\qte">
      <UniqueIdentifier>{2ce5f407-28a1-4ae5-8c92-0ad7b2916a65}</UniqueIdentifier>
    </Filter>
    <Filter Include="include\units">
      <UniqueIdentifier>{13a4e0e2-0fa8-4a11-ba4c-c7ccfc778251}</UniqueIdentifier>
    </Filter>
    <Filter Include="include\entities\beings\stats">
      <UniqueIdentifier>{12fb0415-9163-4edb-8467-74b35c6cf3fa}</UniqueIdentifier>
    </Filter>
    <Filter Include="include\sdl">
      <UniqueIdentifier>{49155920-0eda-4357-a8a4-557986aac3c1}</UniqueIdentifier>
    </Filter>
    <Filter Include="src\sdl">
      <UniqueIdentifier>{b3472b87-ac58-4240-8805-baf8a893ea93}</UniqueIdentifier>
    </Filter>
    <Filter Include="src\entities\beings\stats">
      <UniqueIdentifier>{0d52b999-0390-4620-a144-cc22ec627c51}</UniqueIdentifier>
    </Filter>
    <Filter Include="include\items\magic">
      <UniqueIdentifier>{8c53baea-9eaa-4345-b2f8-a163e2579fc7}</UniqueIdentifier>
    </Filter>
    <Filter Include="src\items\magic">
      <UniqueIdentifier>{3775dc03-2999-4d86-adfc-a99c1e7a23db}</UniqueIdentifier>
    </Filter>
    <Filter Include="include\damage">
      <UniqueIdentifier>{4307ad00-cd36-43e2-94ef-fae19ff0c405}</UniqueIdentifier>
    </Filter>
    <Filter Include="src\damage">
      <UniqueIdentifier>{2d7f1793-4278-4c59-91af-3301e9b625ee}</UniqueIdentifier>
    </Filter>
    <Filter Include="include\magic">
      <UniqueIdentifier>{bb0e3630-997b-4c1a-ab00-4fe56489233b}</UniqueIdentifier>
    </Filter>
    <Filter Include="src\magic">
      <UniqueIdentifier>{ea4c9649-02c6-4da1-bd4a-6628b0a695e4}</UniqueIdentifier>
    </Filter>
  </ItemGroup>
  <ItemGroup>
    <ClInclude Include="include\sdl\Texture.h">
      <Filter>include\sdl</Filter>
    </ClInclude>
    <ClInclude Include="include\agents\item_query.h">
      <Filter>include\agents</Filter>
    </ClInclude>
    <ClInclude Include="include\agents\lazy_ai.h">
      <Filter>include\agents</Filter>
    </ClInclude>
    <ClInclude Include="include\agents\magnitude_query.h">
      <Filter>include\agents</Filter>
    </ClInclude>
    <ClInclude Include="include\agents\message.h">
      <Filter>include\agents</Filter>
    </ClInclude>
    <ClInclude Include="include\agents\player.h">
      <Filter>include\agents</Filter>
    </ClInclude>
    <ClInclude Include="include\agents\tile_query.h">
      <Filter>include\agents</Filter>
    </ClInclude>
    <ClInclude Include="include\agents\vector_query.h">
      <Filter>include\agents</Filter>
    </ClInclude>
    <ClInclude Include="include\agents\action.h">
      <Filter>include\agents</Filter>
    </ClInclude>
    <ClInclude Include="include\agents\agent.h">
      <Filter>include\agents</Filter>
    </ClInclude>
    <ClInclude Include="include\agents\basic_ai.h">
      <Filter>include\agents</Filter>
    </ClInclude>
    <ClInclude Include="include\agents\being_query.h">
      <Filter>include\agents</Filter>
    </ClInclude>
    <ClInclude Include="include\agents\cost.h">
      <Filter>include\agents</Filter>
    </ClInclude>
    <ClInclude Include="include\agents\count_query.h">
      <Filter>include\agents</Filter>
    </ClInclude>
    <ClInclude Include="include\agents\direction_query.h">
      <Filter>include\agents</Filter>
    </ClInclude>
    <ClInclude Include="include\animation\particles\flame_particle.h">
      <Filter>include\animation\particles</Filter>
    </ClInclude>
    <ClInclude Include="include\animation\particles\green_magic_particle.h">
      <Filter>include\animation\particles</Filter>
    </ClInclude>
    <ClInclude Include="include\animation\particles\particle.h">
      <Filter>include\animation\particles</Filter>
    </ClInclude>
    <ClInclude Include="include\animation\particles\red_magic_particle.h">
      <Filter>include\animation\particles</Filter>
    </ClInclude>
    <ClInclude Include="include\animation\particles\text_particle.h">
      <Filter>include\animation\particles</Filter>
    </ClInclude>
    <ClInclude Include="include\animation\particles\white_magic_particle.h">
      <Filter>include\animation\particles</Filter>
    </ClInclude>
    <ClInclude Include="include\animation\particles\yellow_magic_particle.h">
      <Filter>include\animation\particles</Filter>
    </ClInclude>
    <ClInclude Include="include\animation\particles\black_magic_particle.h">
      <Filter>include\animation\particles</Filter>
    </ClInclude>
    <ClInclude Include="include\animation\particles\blood_particle.h">
      <Filter>include\animation\particles</Filter>
    </ClInclude>
    <ClInclude Include="include\animation\particles\blue_magic_particle.h">
      <Filter>include\animation\particles</Filter>
    </ClInclude>
    <ClInclude Include="include\animation\animation.h">
      <Filter>include\animation</Filter>
    </ClInclude>
    <ClInclude Include="include\animation\animation_stack.h">
      <Filter>include\animation</Filter>
    </ClInclude>
    <ClInclude Include="include\animation\body_texturer.h">
      <Filter>include\animation</Filter>
    </ClInclude>
    <ClInclude Include="include\animation\camera.h">
      <Filter>include\animation</Filter>
    </ClInclude>
    <ClInclude Include="include\animation\entity_animator.h">
      <Filter>include\animation</Filter>
    </ClInclude>
    <ClInclude Include="include\animation\flame.h">
      <Filter>include\animation</Filter>
    </ClInclude>
    <ClInclude Include="include\animation\item_renderer.h">
      <Filter>include\animation</Filter>
    </ClInclude>
    <ClInclude Include="include\animation\particle_animation.h">
      <Filter>include\animation</Filter>
    </ClInclude>
    <ClInclude Include="include\animation\spell_texturer.h">
      <Filter>include\animation</Filter>
    </ClInclude>
    <ClInclude Include="include\animation\sprite_animation.h">
      <Filter>include\animation</Filter>
    </ClInclude>
    <ClInclude Include="include\animation\still.h">
      <Filter>include\animation</Filter>
    </ClInclude>
    <ClInclude Include="include\animation\tile_texturer.h">
      <Filter>include\animation</Filter>
    </ClInclude>
    <ClInclude Include="include\animation\world_renderer.h">
      <Filter>include\animation</Filter>
    </ClInclude>
    <ClInclude Include="include\damage\group.h">
      <Filter>include\damage</Filter>
    </ClInclude>
    <ClInclude Include="include\damage\multiplier.h">
      <Filter>include\damage</Filter>
    </ClInclude>
    <ClInclude Include="include\damage\protect.h">
      <Filter>include\damage</Filter>
    </ClInclude>
    <ClInclude Include="include\damage\damage.h">
      <Filter>include\damage</Filter>
    </ClInclude>
    <ClInclude Include="include\effects\effect_visitor.h">
      <Filter>include\effects</Filter>
    </ClInclude>
    <ClInclude Include="include\effects\effect.h">
      <Filter>include\effects</Filter>
    </ClInclude>
    <ClInclude Include="include\entities\all_entities.h">
      <Filter>include\entities</Filter>
    </ClInclude>
    <ClInclude Include="include\entities\entity.h">
      <Filter>include\entities</Filter>
    </ClInclude>
    <ClInclude Include="include\entities\entity_visitor.h">
      <Filter>include\entities</Filter>
    </ClInclude>
    <ClInclude Include="include\entities\perception.h">
      <Filter>include\entities</Filter>
    </ClInclude>
    <ClInclude Include="include\entities\beings\corporeal_being.h">
      <Filter>include\entities\beings</Filter>
    </ClInclude>
    <ClInclude Include="include\entities\beings\human.h">
      <Filter>include\entities\beings</Filter>
    </ClInclude>
    <ClInclude Include="include\entities\beings\incorporeal_being.h">
      <Filter>include\entities\beings</Filter>
    </ClInclude>
    <ClInclude Include="include\entities\beings\world_view.h">
      <Filter>include\entities\beings</Filter>
    </ClInclude>
    <ClInclude Include="include\entities\beings\abilities.h">
      <Filter>include\entities\beings</Filter>
    </ClInclude>
    <ClInclude Include="include\entities\beings\being.h">
      <Filter>include\entities\beings</Filter>
    </ClInclude>
    <ClInclude Include="include\entities\beings\body.h">
      <Filter>include\entities\beings</Filter>
    </ClInclude>
    <ClInclude Include="include\entities\beings\body_part.h">
      <Filter>include\entities\beings</Filter>
    </ClInclude>
    <ClInclude Include="include\entities\beings\body_part_visitor.h">
      <Filter>include\entities\beings</Filter>
    </ClInclude>
    <ClInclude Include="include\entities\beings\statuses\eagle_eyed.h">
      <Filter>include\entities\beings\statuses</Filter>
    </ClInclude>
    <ClInclude Include="include\entities\beings\statuses\healing.h">
      <Filter>include\entities\beings\statuses</Filter>
    </ClInclude>
    <ClInclude Include="include\entities\beings\statuses\illuminated.h">
      <Filter>include\entities\beings\statuses</Filter>
    </ClInclude>
    <ClInclude Include="include\entities\beings\statuses\mute.h">
      <Filter>include\entities\beings\statuses</Filter>
    </ClInclude>
    <ClInclude Include="include\entities\beings\statuses\nauseated.h">
      <Filter>include\entities\beings\statuses</Filter>
    </ClInclude>
    <ClInclude Include="include\entities\beings\statuses\numb.h">
      <Filter>include\entities\beings\statuses</Filter>
    </ClInclude>
    <ClInclude Include="include\entities\beings\statuses\poisoned.h">
      <Filter>include\entities\beings\statuses</Filter>
    </ClInclude>
    <ClInclude Include="include\entities\beings\statuses\recharging.h">
      <Filter>include\entities\beings\statuses</Filter>
    </ClInclude>
    <ClInclude Include="include\entities\beings\statuses\sleeping.h">
      <Filter>include\entities\beings\statuses</Filter>
    </ClInclude>
    <ClInclude Include="include\entities\beings\statuses\status.h">
      <Filter>include\entities\beings\statuses</Filter>
    </ClInclude>
    <ClInclude Include="include\entities\beings\statuses\blind.h">
      <Filter>include\entities\beings\statuses</Filter>
    </ClInclude>
    <ClInclude Include="include\entities\beings\statuses\confused.h">
      <Filter>include\entities\beings\statuses</Filter>
    </ClInclude>
    <ClInclude Include="include\entities\beings\statuses\deaf.h">
      <Filter>include\entities\beings\statuses</Filter>
    </ClInclude>
    <ClInclude Include="include\entities\beings\statuses\discharging.h">
      <Filter>include\entities\beings\statuses</Filter>
    </ClInclude>
    <ClInclude Include="include\entities\beings\stats\stats.h">
      <Filter>include\entities\beings\stats</Filter>
    </ClInclude>
    <ClInclude Include="include\entities\beings\stats\vision.h">
      <Filter>include\entities\beings\stats</Filter>
    </ClInclude>
    <ClInclude Include="include\entities\beings\stats\modifier.h">
      <Filter>include\entities\beings\stats</Filter>
    </ClInclude>
    <ClInclude Include="include\entities\beings\goblinoids\goblin.h">
      <Filter>include\entities\beings\goblinoids</Filter>
    </ClInclude>
    <ClInclude Include="include\entities\objects\campfire.h">
      <Filter>include\entities\objects</Filter>
    </ClInclude>
    <ClInclude Include="include\entities\objects\corpse.h">
      <Filter>include\entities\objects</Filter>
    </ClInclude>
    <ClInclude Include="include\entities\objects\item_box.h">
      <Filter>include\entities\objects</Filter>
    </ClInclude>
    <ClInclude Include="include\entities\objects\object.h">
      <Filter>include\entities\objects</Filter>
    </ClInclude>
    <ClInclude Include="include\items\equipment.h">
      <Filter>include\items</Filter>
    </ClInclude>
    <ClInclude Include="include\items\inventory.h">
      <Filter>include\items</Filter>
    </ClInclude>
    <ClInclude Include="include\items\item.h">
      <Filter>include\items</Filter>
    </ClInclude>
    <ClInclude Include="include\items\item_visitor.h">
      <Filter>include\items</Filter>
    </ClInclude>
    <ClInclude Include="include\items\scroll.h">
      <Filter>include\items</Filter>
    </ClInclude>
    <ClInclude Include="include\items\breakable.h">
      <Filter>include\items</Filter>
    </ClInclude>
    <ClInclude Include="include\items\craftable.h">
      <Filter>include\items</Filter>
    </ClInclude>
    <ClInclude Include="include\items\weapons\quarterstaff.h">
      <Filter>include\items\weapons</Filter>
    </ClInclude>
    <ClInclude Include="include\items\weapons\quiver.h">
      <Filter>include\items\weapons</Filter>
    </ClInclude>
    <ClInclude Include="include\items\weapons\weapon.h">
      <Filter>include\items\weapons</Filter>
    </ClInclude>
    <ClInclude Include="include\items\weapons\arrow.h">
      <Filter>include\items\weapons</Filter>
    </ClInclude>
    <ClInclude Include="include\items\weapons\attack.h">
      <Filter>include\items\weapons</Filter>
    </ClInclude>
    <ClInclude Include="include\items\weapons\bow.h">
      <Filter>include\items\weapons</Filter>
    </ClInclude>
    <ClInclude Include="include\items\weapons\modal_weapon.h">
      <Filter>include\items\weapons</Filter>
    </ClInclude>
    <ClInclude Include="include\items\potions\potion.h">
      <Filter>include\items\potions</Filter>
    </ClInclude>
    <ClInclude Include="include\items\magic\gatestone.h">
      <Filter>include\items\magic</Filter>
    </ClInclude>
    <ClInclude Include="include\items\armor\armor.h">
      <Filter>include\items\armor</Filter>
    </ClInclude>
    <ClInclude Include="include\magic\heal.h">
      <Filter>include\magic</Filter>
    </ClInclude>
    <ClInclude Include="include\magic\mana_cost.h">
      <Filter>include\magic</Filter>
    </ClInclude>
    <ClInclude Include="include\magic\shock.h">
      <Filter>include\magic</Filter>
    </ClInclude>
    <ClInclude Include="include\magic\spell.h">
      <Filter>include\magic</Filter>
    </ClInclude>
    <ClInclude Include="include\magic\spell_visitor.h">
      <Filter>include\magic</Filter>
    </ClInclude>
    <ClInclude Include="include\magic\teleport.h">
      <Filter>include\magic</Filter>
    </ClInclude>
    <ClInclude Include="include\magic\all_spells.h">
      <Filter>include\magic</Filter>
    </ClInclude>
    <ClInclude Include="include\magic\eagle_eye.h">
      <Filter>include\magic</Filter>
    </ClInclude>
    <ClInclude Include="include\sdl\resource_manager.h">
      <Filter>include\sdl</Filter>
    </ClInclude>
    <ClInclude Include="include\sdl\resources.h">
      <Filter>include\sdl</Filter>
    </ClInclude>
    <ClInclude Include="include\sdl\shader_program.h">
      <Filter>include\sdl</Filter>
    </ClInclude>
    <ClInclude Include="include\sdl\sound.h">
      <Filter>include\sdl</Filter>
    </ClInclude>
    <ClInclude Include="include\sdl\texture.h">
      <Filter>include\sdl</Filter>
    </ClInclude>
    <ClInclude Include="include\sdl\window.h">
      <Filter>include\sdl</Filter>
    </ClInclude>
    <ClInclude Include="include\sdl\font.h">
      <Filter>include\sdl</Filter>
    </ClInclude>
    <ClInclude Include="include\sdl\input.h">
      <Filter>include\sdl</Filter>
    </ClInclude>
    <ClInclude Include="include\sdl\renderable.h">
      <Filter>include\sdl</Filter>
    </ClInclude>
    <ClInclude Include="include\sdl\renderer.h">
      <Filter>include\sdl</Filter>
    </ClInclude>
    <ClInclude Include="include\ui\qte\incant.h">
      <Filter>include\ui\qte</Filter>
    </ClInclude>
    <ClInclude Include="include\ui\qte\shock.h">
      <Filter>include\ui\qte</Filter>
    </ClInclude>
    <ClInclude Include="include\ui\direction_dialog.h">
      <Filter>include\ui</Filter>
    </ClInclude>
    <ClInclude Include="include\ui\hud.h">
      <Filter>include\ui</Filter>
    </ClInclude>
    <ClInclude Include="include\ui\list_dialog.h">
      <Filter>include\ui</Filter>
    </ClInclude>
    <ClInclude Include="include\ui\magnitude_dialog.h">
      <Filter>include\ui</Filter>
    </ClInclude>
    <ClInclude Include="include\ui\message_dialog.h">
      <Filter>include\ui</Filter>
    </ClInclude>
    <ClInclude Include="include\ui\player_action_dialog.h">
      <Filter>include\ui</Filter>
    </ClInclude>
    <ClInclude Include="include\ui\tile_dialog.h">
      <Filter>include\ui</Filter>
    </ClInclude>
    <ClInclude Include="include\ui\vector_dialog.h">
      <Filter>include\ui</Filter>
    </ClInclude>
    <ClInclude Include="include\ui\count_dialog.h">
      <Filter>include\ui</Filter>
    </ClInclude>
    <ClInclude Include="include\ui\dialog.h">
      <Filter>include\ui</Filter>
    </ClInclude>
    <ClInclude Include="include\ui\digraph_menu.h">
      <Filter>include\ui</Filter>
    </ClInclude>
    <ClInclude Include="include\units\game_space.h">
      <Filter>include\units</Filter>
    </ClInclude>
    <ClInclude Include="include\units\hex_coords.h">
      <Filter>include\units</Filter>
    </ClInclude>
    <ClInclude Include="include\units\math.h">
      <Filter>include\units</Filter>
    </ClInclude>
    <ClInclude Include="include\units\rate.h">
      <Filter>include\units</Filter>
    </ClInclude>
    <ClInclude Include="include\units\screen_space.h">
      <Filter>include\units</Filter>
    </ClInclude>
    <ClInclude Include="include\units\space.h">
      <Filter>include\units</Filter>
    </ClInclude>
    <ClInclude Include="include\units\sprite_sheet_space.h">
      <Filter>include\units</Filter>
    </ClInclude>
    <ClInclude Include="include\units\texture_space.h">
      <Filter>include\units</Filter>
    </ClInclude>
    <ClInclude Include="include\units\view_space.h">
      <Filter>include\units</Filter>
    </ClInclude>
    <ClInclude Include="include\units\color_space.h">
      <Filter>include\units</Filter>
    </ClInclude>
    <ClInclude Include="include\units\colors.h">
      <Filter>include\units</Filter>
    </ClInclude>
    <ClInclude Include="include\units\constants.h">
      <Filter>include\units</Filter>
    </ClInclude>
    <ClInclude Include="include\units\frequency.h">
      <Filter>include\units</Filter>
    </ClInclude>
    <ClInclude Include="include\utility\container_view.h">
      <Filter>include\utility</Filter>
    </ClInclude>
    <ClInclude Include="include\utility\delegate.h">
      <Filter>include\utility</Filter>
    </ClInclude>
    <ClInclude Include="include\utility\dynamic_property.h">
      <Filter>include\utility</Filter>
    </ClInclude>
    <ClInclude Include="include\utility\event.h">
      <Filter>include\utility</Filter>
    </ClInclude>
    <ClInclude Include="include\utility\id.h">
      <Filter>include\utility</Filter>
    </ClInclude>
    <ClInclude Include="include\utility\initializer.h">
      <Filter>include\utility</Filter>
    </ClInclude>
    <ClInclude Include="include\utility\property.h">
      <Filter>include\utility</Filter>
    </ClInclude>
    <ClInclude Include="include\utility\reference.h">
      <Filter>include\utility</Filter>
    </ClInclude>
    <ClInclude Include="include\utility\static_bounded.h">
      <Filter>include\utility</Filter>
    </ClInclude>
    <ClInclude Include="include\utility\tagged_type.h">
      <Filter>include\utility</Filter>
    </ClInclude>
    <ClInclude Include="include\utility\utility.h">
      <Filter>include\utility</Filter>
    </ClInclude>
    <ClInclude Include="include\utility\visitor_pattern.h">
      <Filter>include\utility</Filter>
    </ClInclude>
    <ClInclude Include="include\utility\cache.h">
      <Filter>include\utility</Filter>
    </ClInclude>
    <ClInclude Include="include\utility\complete.h">
      <Filter>include\utility</Filter>
    </ClInclude>
    <ClInclude Include="include\world\light_source.h">
      <Filter>include\world</Filter>
    </ClInclude>
    <ClInclude Include="include\world\region.h">
      <Filter>include\world</Filter>
    </ClInclude>
    <ClInclude Include="include\world\section.h">
      <Filter>include\world</Filter>
    </ClInclude>
    <ClInclude Include="include\world\tile.h">
      <Filter>include\world</Filter>
    </ClInclude>
    <ClInclude Include="include\world\coordinates.h">
      <Filter>include\world</Filter>
    </ClInclude>
    <ClInclude Include="include\game.h">
      <Filter>include</Filter>
    </ClInclude>
    <ClInclude Include="include\utility\dynamic_bounded.h">
      <Filter>include\utility</Filter>
    </ClInclude>
    <ClInclude Include="include\utility\type_list.h">
      <Filter>include\utility</Filter>
    </ClInclude>
    <ClInclude Include="include\utility\lazy_bounded.h">
      <Filter>include\utility</Filter>
    </ClInclude>
  </ItemGroup>
  <ItemGroup>
    <ClCompile Include="src\main.cpp">
      <Filter>src</Filter>
    </ClCompile>
    <ClCompile Include="src\game.cpp">
      <Filter>src</Filter>
    </ClCompile>
    <ClCompile Include="src\animation\entity_animator.cpp">
      <Filter>src\animation</Filter>
    </ClCompile>
    <ClCompile Include="src\animation\item_renderer.cpp">
      <Filter>src\animation</Filter>
    </ClCompile>
    <ClCompile Include="src\animation\particle_animation.cpp">
      <Filter>src\animation</Filter>
    </ClCompile>
    <ClCompile Include="src\animation\spell_texturer.cpp">
      <Filter>src\animation</Filter>
    </ClCompile>
    <ClCompile Include="src\animation\sprite_animation.cpp">
      <Filter>src\animation</Filter>
    </ClCompile>
    <ClCompile Include="src\animation\still.cpp">
      <Filter>src\animation</Filter>
    </ClCompile>
    <ClCompile Include="src\animation\tile_texturer.cpp">
      <Filter>src\animation</Filter>
    </ClCompile>
    <ClCompile Include="src\animation\world_renderer.cpp">
      <Filter>src\animation</Filter>
    </ClCompile>
    <ClCompile Include="src\animation\animation.cpp">
      <Filter>src\animation</Filter>
    </ClCompile>
    <ClCompile Include="src\animation\body_texturer.cpp">
      <Filter>src\animation</Filter>
    </ClCompile>
    <ClCompile Include="src\animation\camera.cpp">
      <Filter>src\animation</Filter>
    </ClCompile>
    <ClCompile Include="src\animation\particles\blue_magic_particle.cpp">
      <Filter>src\animation\particles</Filter>
    </ClCompile>
    <ClCompile Include="src\animation\particles\flame_particle.cpp">
      <Filter>src\animation\particles</Filter>
    </ClCompile>
    <ClCompile Include="src\animation\particles\green_magic_particle.cpp">
      <Filter>src\animation\particles</Filter>
    </ClCompile>
    <ClCompile Include="src\animation\particles\particle.cpp">
      <Filter>src\animation\particles</Filter>
    </ClCompile>
    <ClCompile Include="src\animation\particles\red_magic_particle.cpp">
      <Filter>src\animation\particles</Filter>
    </ClCompile>
    <ClCompile Include="src\animation\particles\text_particle.cpp">
      <Filter>src\animation\particles</Filter>
    </ClCompile>
    <ClCompile Include="src\animation\particles\white_magic_particle.cpp">
      <Filter>src\animation\particles</Filter>
    </ClCompile>
    <ClCompile Include="src\animation\particles\yellow_magic_particle.cpp">
      <Filter>src\animation\particles</Filter>
    </ClCompile>
    <ClCompile Include="src\animation\particles\black_magic_particle.cpp">
      <Filter>src\animation\particles</Filter>
    </ClCompile>
    <ClCompile Include="src\animation\particles\blood_particle.cpp">
      <Filter>src\animation\particles</Filter>
    </ClCompile>
    <ClCompile Include="src\damage\group.cpp">
      <Filter>src\damage</Filter>
    </ClCompile>
    <ClCompile Include="src\damage\damage.cpp">
      <Filter>src\damage</Filter>
    </ClCompile>
    <ClCompile Include="src\entities\entity.cpp">
      <Filter>src\entities</Filter>
    </ClCompile>
    <ClCompile Include="src\entities\objects\campfire.cpp">
      <Filter>src\entities\objects</Filter>
    </ClCompile>
    <ClCompile Include="src\entities\objects\object.cpp">
      <Filter>src\entities\objects</Filter>
    </ClCompile>
    <ClCompile Include="src\entities\beings\goblinoids\goblin.cpp">
      <Filter>src\entities\beings\goblinoids</Filter>
    </ClCompile>
    <ClCompile Include="src\entities\beings\stats\vision.cpp">
      <Filter>src\entities\beings\stats</Filter>
    </ClCompile>
    <ClCompile Include="src\entities\beings\statuses\healing.cpp">
      <Filter>src\entities\beings\statuses</Filter>
    </ClCompile>
    <ClCompile Include="src\entities\beings\statuses\poisoned.cpp">
      <Filter>src\entities\beings\statuses</Filter>
    </ClCompile>
    <ClCompile Include="src\entities\beings\statuses\recharging.cpp">
      <Filter>src\entities\beings\statuses</Filter>
    </ClCompile>
    <ClCompile Include="src\entities\beings\statuses\sleeping.cpp">
      <Filter>src\entities\beings\statuses</Filter>
    </ClCompile>
    <ClCompile Include="src\entities\beings\statuses\status.cpp">
      <Filter>src\entities\beings\statuses</Filter>
    </ClCompile>
    <ClCompile Include="src\entities\beings\statuses\discharging.cpp">
      <Filter>src\entities\beings\statuses</Filter>
    </ClCompile>
    <ClCompile Include="src\entities\beings\corporeal_being.cpp">
      <Filter>src\entities\beings</Filter>
    </ClCompile>
    <ClCompile Include="src\entities\beings\human.cpp">
      <Filter>src\entities\beings</Filter>
    </ClCompile>
    <ClCompile Include="src\entities\beings\incorporeal_being.cpp">
      <Filter>src\entities\beings</Filter>
    </ClCompile>
    <ClCompile Include="src\entities\beings\world_view.cpp">
      <Filter>src\entities\beings</Filter>
    </ClCompile>
    <ClCompile Include="src\entities\beings\abilities.cpp">
      <Filter>src\entities\beings</Filter>
    </ClCompile>
    <ClCompile Include="src\entities\beings\being.cpp">
      <Filter>src\entities\beings</Filter>
    </ClCompile>
    <ClCompile Include="src\entities\beings\body.cpp">
      <Filter>src\entities\beings</Filter>
    </ClCompile>
    <ClCompile Include="src\entities\beings\body_part.cpp">
      <Filter>src\entities\beings</Filter>
    </ClCompile>
    <ClCompile Include="src\items\equipment.cpp">
      <Filter>src\items</Filter>
    </ClCompile>
    <ClCompile Include="src\items\inventory.cpp">
      <Filter>src\items</Filter>
    </ClCompile>
    <ClCompile Include="src\items\item.cpp">
      <Filter>src\items</Filter>
    </ClCompile>
    <ClCompile Include="src\items\scroll.cpp">
      <Filter>src\items</Filter>
    </ClCompile>
    <ClCompile Include="src\items\breakable.cpp">
      <Filter>src\items</Filter>
    </ClCompile>
    <ClCompile Include="src\items\armor\armor.cpp">
      <Filter>src\items\armor</Filter>
    </ClCompile>
    <ClCompile Include="src\items\magic\gatestone.cpp">
      <Filter>src\items\magic</Filter>
    </ClCompile>
    <ClCompile Include="src\items\weapons\weapon.cpp">
      <Filter>src\items\weapons</Filter>
    </ClCompile>
    <ClCompile Include="src\items\weapons\attack.cpp">
      <Filter>src\items\weapons</Filter>
    </ClCompile>
    <ClCompile Include="src\items\weapons\bow.cpp">
      <Filter>src\items\weapons</Filter>
    </ClCompile>
    <ClCompile Include="src\magic\heal.cpp">
      <Filter>src\magic</Filter>
    </ClCompile>
    <ClCompile Include="src\magic\mana_cost.cpp">
      <Filter>src\magic</Filter>
    </ClCompile>
    <ClCompile Include="src\magic\shock.cpp">
      <Filter>src\magic</Filter>
    </ClCompile>
    <ClCompile Include="src\magic\spell.cpp">
      <Filter>src\magic</Filter>
    </ClCompile>
    <ClCompile Include="src\magic\teleport.cpp">
      <Filter>src\magic</Filter>
    </ClCompile>
    <ClCompile Include="src\magic\eagle_eye.cpp">
      <Filter>src\magic</Filter>
    </ClCompile>
    <ClCompile Include="src\sdl\resources.cpp">
      <Filter>src\sdl</Filter>
    </ClCompile>
    <ClCompile Include="src\sdl\shader_program.cpp">
      <Filter>src\sdl</Filter>
    </ClCompile>
    <ClCompile Include="src\sdl\sound.cpp">
      <Filter>src\sdl</Filter>
    </ClCompile>
    <ClCompile Include="src\sdl\texture.cpp">
      <Filter>src\sdl</Filter>
    </ClCompile>
    <ClCompile Include="src\sdl\window.cpp">
      <Filter>src\sdl</Filter>
    </ClCompile>
    <ClCompile Include="src\sdl\font.cpp">
      <Filter>src\sdl</Filter>
    </ClCompile>
    <ClCompile Include="src\sdl\input.cpp">
      <Filter>src\sdl</Filter>
    </ClCompile>
    <ClCompile Include="src\sdl\renderable.cpp">
      <Filter>src\sdl</Filter>
    </ClCompile>
    <ClCompile Include="src\sdl\renderer.cpp">
      <Filter>src\sdl</Filter>
    </ClCompile>
    <ClCompile Include="src\ui\player_action_dialog.cpp">
      <Filter>src\ui</Filter>
    </ClCompile>
    <ClCompile Include="src\ui\tile_dialog.cpp">
      <Filter>src\ui</Filter>
    </ClCompile>
    <ClCompile Include="src\ui\vector_dialog.cpp">
      <Filter>src\ui</Filter>
    </ClCompile>
    <ClCompile Include="src\ui\count_dialog.cpp">
      <Filter>src\ui</Filter>
    </ClCompile>
    <ClCompile Include="src\ui\dialog.cpp">
      <Filter>src\ui</Filter>
    </ClCompile>
    <ClCompile Include="src\ui\digraph_menu.cpp">
      <Filter>src\ui</Filter>
    </ClCompile>
    <ClCompile Include="src\ui\direction_dialog.cpp">
      <Filter>src\ui</Filter>
    </ClCompile>
    <ClCompile Include="src\ui\hud.cpp">
      <Filter>src\ui</Filter>
    </ClCompile>
    <ClCompile Include="src\ui\magnitude_dialog.cpp">
      <Filter>src\ui</Filter>
    </ClCompile>
    <ClCompile Include="src\ui\message_dialog.cpp">
      <Filter>src\ui</Filter>
    </ClCompile>
    <ClCompile Include="src\ui\qte\shock.cpp">
      <Filter>src\ui\qte</Filter>
    </ClCompile>
    <ClCompile Include="src\ui\qte\incant.cpp">
      <Filter>src\ui\qte</Filter>
    </ClCompile>
    <ClCompile Include="src\utility\utility.cpp">
      <Filter>src\utility</Filter>
    </ClCompile>
    <ClCompile Include="src\world\region.cpp">
      <Filter>src\world</Filter>
    </ClCompile>
    <ClCompile Include="src\world\section.cpp">
      <Filter>src\world</Filter>
    </ClCompile>
    <ClCompile Include="src\world\tile.cpp">
      <Filter>src\world</Filter>
    </ClCompile>
    <ClCompile Include="src\world\light_source.cpp">
      <Filter>src\world</Filter>
    </ClCompile>
    <ClCompile Include="src\agents\agent.cpp">
      <Filter>src\agents</Filter>
    </ClCompile>
    <ClCompile Include="src\agents\basic_ai.cpp">
      <Filter>src\agents</Filter>
    </ClCompile>
    <ClCompile Include="src\agents\lazy_ai.cpp">
      <Filter>src\agents</Filter>
    </ClCompile>
    <ClCompile Include="src\agents\player.cpp">
      <Filter>src\agents</Filter>
    </ClCompile>
    <ClCompile Include="src\agents\action.cpp">
      <Filter>src\agents</Filter>
    </ClCompile>
  </ItemGroup>
</Project>