<?xml version="1.0" encoding="utf-8"?>
<Project ToolsVersion="4.0" xmlns="http://schemas.microsoft.com/developer/msbuild/2003">
  <ItemGroup>
    <Filter Include="src">
      <UniqueIdentifier>{afaa3c08-9c64-4d9e-9d2d-b6689dc30af7}</UniqueIdentifier>
    </Filter>
    <Filter Include="src\animation">
      <UniqueIdentifier>{b30d2d4b-679e-4334-afe6-8ddd4f5b0012}</UniqueIdentifier>
    </Filter>
    <Filter Include="src\animation\particles">
      <UniqueIdentifier>{a5242356-2751-446c-be91-c502539e715b}</UniqueIdentifier>
    </Filter>
    <Filter Include="src\entities">
      <UniqueIdentifier>{458da7dc-c4d5-4b2c-8b7e-f89f3688b666}</UniqueIdentifier>
    </Filter>
    <Filter Include="src\entities\objects">
      <UniqueIdentifier>{6e0d9201-1a0c-4ddb-9c09-ce7e2a71272c}</UniqueIdentifier>
    </Filter>
    <Filter Include="src\ui">
      <UniqueIdentifier>{fe2568e3-155b-4a7b-8a39-df90c7752ec8}</UniqueIdentifier>
    </Filter>
    <Filter Include="src\utility">
      <UniqueIdentifier>{4406d98e-2ac6-4d89-a7e3-737f383f3e44}</UniqueIdentifier>
    </Filter>
    <Filter Include="src\world">
      <UniqueIdentifier>{9d062920-6fac-41ec-b65a-9f6440980e8f}</UniqueIdentifier>
    </Filter>
    <Filter Include="src\entities\beings">
      <UniqueIdentifier>{d25bb59f-10bb-411d-8e56-a601dbb16f36}</UniqueIdentifier>
    </Filter>
    <Filter Include="src\items">
      <UniqueIdentifier>{e363e4de-9bab-4f56-9da3-6a7b25071101}</UniqueIdentifier>
    </Filter>
    <Filter Include="src\items\weapons">
      <UniqueIdentifier>{3e77930b-d355-48ea-adea-73e32287077b}</UniqueIdentifier>
    </Filter>
    <Filter Include="src\entities\beings\statuses">
      <UniqueIdentifier>{a2a83533-6206-4551-ac7f-82a37b385f35}</UniqueIdentifier>
    </Filter>
    <Filter Include="include">
      <UniqueIdentifier>{67d163b0-2a95-4f45-b4bd-ec4125d1597c}</UniqueIdentifier>
    </Filter>
    <Filter Include="src\items\armor">
      <UniqueIdentifier>{514dd0a6-9b8e-4360-af60-e11397c4d775}</UniqueIdentifier>
    </Filter>
    <Filter Include="src\agents">
      <UniqueIdentifier>{b5f4aea7-2040-4a73-b5bc-9ab017196446}</UniqueIdentifier>
    </Filter>
    <Filter Include="src\ui\qte">
      <UniqueIdentifier>{2ce5f407-28a1-4ae5-8c92-0ad7b2916a65}</UniqueIdentifier>
    </Filter>
    <Filter Include="src\entities\beings\stats">
      <UniqueIdentifier>{0d52b999-0390-4620-a144-cc22ec627c51}</UniqueIdentifier>
    </Filter>
    <Filter Include="src\items\magic">
      <UniqueIdentifier>{3775dc03-2999-4d86-adfc-a99c1e7a23db}</UniqueIdentifier>
    </Filter>
    <Filter Include="src\damage">
      <UniqueIdentifier>{2d7f1793-4278-4c59-91af-3301e9b625ee}</UniqueIdentifier>
    </Filter>
    <Filter Include="src\magic">
      <UniqueIdentifier>{ea4c9649-02c6-4da1-bd4a-6628b0a695e4}</UniqueIdentifier>
    </Filter>
    <Filter Include="src\agents\queries">
      <UniqueIdentifier>{d65d58a9-9956-4554-aded-f5024ef84482}</UniqueIdentifier>
    </Filter>
    <Filter Include="src\effects">
      <UniqueIdentifier>{31be0034-c41d-4864-a06d-da8ee5627416}</UniqueIdentifier>
    </Filter>
    <Filter Include="src\items\potions">
      <UniqueIdentifier>{4ae1ed48-f706-4d8e-815a-5781992433b6}</UniqueIdentifier>
    </Filter>
    <Filter Include="external">
      <UniqueIdentifier>{502881e6-cf08-47ad-81ec-ad1c3e04bb7a}</UniqueIdentifier>
    </Filter>
    <Filter Include="src\quantities">
      <UniqueIdentifier>{b8546f8c-858b-43b6-8fda-84d83cc84e11}</UniqueIdentifier>
    </Filter>
    <Filter Include="external\vecx">
      <UniqueIdentifier>{f7a1a22e-69f8-4eae-9f76-48af80fc7624}</UniqueIdentifier>
    </Filter>
    <Filter Include="external\vecx\serialization">
      <UniqueIdentifier>{ce4fde67-c663-4a19-b8db-17db57c99f7e}</UniqueIdentifier>
    </Filter>
    <Filter Include="external\cancel">
      <UniqueIdentifier>{131fc6ea-ecf3-42d9-b809-e9efc0976d2a}</UniqueIdentifier>
    </Filter>
    <Filter Include="external\fmt">
      <UniqueIdentifier>{58aaeb9e-8661-4247-b968-1c3724debed0}</UniqueIdentifier>
    </Filter>
    <Filter Include="src\scenes">
      <UniqueIdentifier>{394fbcfc-b9cc-4463-8eda-2db6c36593ca}</UniqueIdentifier>
    </Filter>
    <Filter Include="src\rsrc">
      <UniqueIdentifier>{73cabe8c-8c07-4b98-b860-1b9fc23de138}</UniqueIdentifier>
    </Filter>
    <Filter Include="src\ui\dialog">
      <UniqueIdentifier>{e03010e9-148b-46df-9026-2c29d231895e}</UniqueIdentifier>
    </Filter>
  </ItemGroup>
  <ItemGroup>
    <ClInclude Include="src\utility\complete.hpp">
      <Filter>src\utility</Filter>
    </ClInclude>
    <ClInclude Include="src\utility\container_view.hpp">
      <Filter>src\utility</Filter>
    </ClInclude>
    <ClInclude Include="src\utility\debug.hpp">
      <Filter>src\utility</Filter>
    </ClInclude>
    <ClInclude Include="src\utility\delegate.hpp">
      <Filter>src\utility</Filter>
    </ClInclude>
    <ClInclude Include="src\utility\dynamic_bounded.hpp">
      <Filter>src\utility</Filter>
    </ClInclude>
    <ClInclude Include="src\utility\event.hpp">
      <Filter>src\utility</Filter>
    </ClInclude>
    <ClInclude Include="src\utility\id.hpp">
      <Filter>src\utility</Filter>
    </ClInclude>
    <ClInclude Include="src\utility\initializer.hpp">
      <Filter>src\utility</Filter>
    </ClInclude>
    <ClInclude Include="src\utility\io.hpp">
      <Filter>src\utility</Filter>
    </ClInclude>
    <ClInclude Include="src\utility\lazy_bounded.hpp">
      <Filter>src\utility</Filter>
    </ClInclude>
    <ClInclude Include="src\utility\random.hpp">
      <Filter>src\utility</Filter>
    </ClInclude>
    <ClInclude Include="src\utility\reference.hpp">
      <Filter>src\utility</Filter>
    </ClInclude>
    <ClInclude Include="src\utility\static_bounded.hpp">
      <Filter>src\utility</Filter>
    </ClInclude>
    <ClInclude Include="src\utility\type_list.hpp">
      <Filter>src\utility</Filter>
    </ClInclude>
    <ClInclude Include="src\utility\utility.hpp">
      <Filter>src\utility</Filter>
    </ClInclude>
    <ClInclude Include="src\utility\visitor_pattern.hpp">
      <Filter>src\utility</Filter>
    </ClInclude>
    <ClInclude Include="src\utility\cache.hpp">
      <Filter>src\utility</Filter>
    </ClInclude>
    <ClInclude Include="src\agents\queries\message.hpp">
      <Filter>src\agents\queries</Filter>
    </ClInclude>
    <ClInclude Include="src\agents\player.hpp">
      <Filter>src\agents</Filter>
    </ClInclude>
    <ClInclude Include="src\agents\action.hpp">
      <Filter>src\agents</Filter>
    </ClInclude>
    <ClInclude Include="src\agents\agent.hpp">
      <Filter>src\agents</Filter>
    </ClInclude>
    <ClInclude Include="src\agents\basic_ai.hpp">
      <Filter>src\agents</Filter>
    </ClInclude>
    <ClInclude Include="src\agents\cost.hpp">
      <Filter>src\agents</Filter>
    </ClInclude>
    <ClInclude Include="src\agents\lazy_ai.hpp">
      <Filter>src\agents</Filter>
    </ClInclude>
    <ClInclude Include="src\animation\particles\arrow_particle.hpp">
      <Filter>src\animation\particles</Filter>
    </ClInclude>
    <ClInclude Include="src\animation\particles\black_magic_particle.hpp">
      <Filter>src\animation\particles</Filter>
    </ClInclude>
    <ClInclude Include="src\animation\particles\blood_particle.hpp">
      <Filter>src\animation\particles</Filter>
    </ClInclude>
    <ClInclude Include="src\animation\particles\blue_magic_particle.hpp">
      <Filter>src\animation\particles</Filter>
    </ClInclude>
    <ClInclude Include="src\animation\particles\flame_particle.hpp">
      <Filter>src\animation\particles</Filter>
    </ClInclude>
    <ClInclude Include="src\animation\particles\green_magic_particle.hpp">
      <Filter>src\animation\particles</Filter>
    </ClInclude>
    <ClInclude Include="src\animation\particles\particle.hpp">
      <Filter>src\animation\particles</Filter>
    </ClInclude>
    <ClInclude Include="src\animation\particles\red_magic_particle.hpp">
      <Filter>src\animation\particles</Filter>
    </ClInclude>
    <ClInclude Include="src\animation\particles\text_particle.hpp">
      <Filter>src\animation\particles</Filter>
    </ClInclude>
    <ClInclude Include="src\animation\particles\white_magic_particle.hpp">
      <Filter>src\animation\particles</Filter>
    </ClInclude>
    <ClInclude Include="src\animation\particles\yellow_magic_particle.hpp">
      <Filter>src\animation\particles</Filter>
    </ClInclude>
    <ClInclude Include="src\animation\animation.hpp">
      <Filter>src\animation</Filter>
    </ClInclude>
    <ClInclude Include="src\animation\bleeding.hpp">
      <Filter>src\animation</Filter>
    </ClInclude>
    <ClInclude Include="src\animation\flame.hpp">
      <Filter>src\animation</Filter>
    </ClInclude>
    <ClInclude Include="src\animation\particle_animation.hpp">
      <Filter>src\animation</Filter>
    </ClInclude>
    <ClInclude Include="src\animation\sprite_animation.hpp">
      <Filter>src\animation</Filter>
    </ClInclude>
    <ClInclude Include="src\game.hpp">
      <Filter>src</Filter>
    </ClInclude>
    <ClInclude Include="src\damage\multiplier.hpp">
      <Filter>src\damage</Filter>
    </ClInclude>
    <ClInclude Include="src\damage\protect.hpp">
      <Filter>src\damage</Filter>
    </ClInclude>
    <ClInclude Include="src\damage\group.hpp">
      <Filter>src\damage</Filter>
    </ClInclude>
    <ClInclude Include="src\damage\damage.hpp">
      <Filter>src\damage</Filter>
    </ClInclude>
    <ClInclude Include="src\effects\effect.hpp">
      <Filter>src\effects</Filter>
    </ClInclude>
    <ClInclude Include="src\world\light_source.hpp">
      <Filter>src\world</Filter>
    </ClInclude>
    <ClInclude Include="src\world\region.hpp">
      <Filter>src\world</Filter>
    </ClInclude>
    <ClInclude Include="src\world\section.hpp">
      <Filter>src\world</Filter>
    </ClInclude>
    <ClInclude Include="src\world\tile.hpp">
      <Filter>src\world</Filter>
    </ClInclude>
    <ClInclude Include="src\world\coordinates.hpp">
      <Filter>src\world</Filter>
    </ClInclude>
    <ClInclude Include="src\ui\qte\incant.hpp">
      <Filter>src\ui\qte</Filter>
    </ClInclude>
    <ClInclude Include="src\ui\qte\shock.hpp">
      <Filter>src\ui\qte</Filter>
    </ClInclude>
    <ClInclude Include="src\ui\qte\aim_missile.hpp">
      <Filter>src\ui\qte</Filter>
    </ClInclude>
    <ClInclude Include="src\ui\count_dialog.hpp">
      <Filter>src\ui</Filter>
    </ClInclude>
    <ClInclude Include="src\ui\dialog.hpp">
      <Filter>src\ui</Filter>
    </ClInclude>
    <ClInclude Include="src\ui\digraph_menu.hpp">
      <Filter>src\ui</Filter>
    </ClInclude>
    <ClInclude Include="src\ui\direction_dialog.hpp">
      <Filter>src\ui</Filter>
    </ClInclude>
    <ClInclude Include="src\ui\hud.hpp">
      <Filter>src\ui</Filter>
    </ClInclude>
    <ClInclude Include="src\ui\list_dialog.hpp">
      <Filter>src\ui</Filter>
    </ClInclude>
    <ClInclude Include="src\ui\magnitude_dialog.hpp">
      <Filter>src\ui</Filter>
    </ClInclude>
    <ClInclude Include="src\ui\message_dialog.hpp">
      <Filter>src\ui</Filter>
    </ClInclude>
    <ClInclude Include="src\ui\player_action_dialog.hpp">
      <Filter>src\ui</Filter>
    </ClInclude>
    <ClInclude Include="src\ui\tile_dialog.hpp">
      <Filter>src\ui</Filter>
    </ClInclude>
    <ClInclude Include="src\ui\vector_dialog.hpp">
      <Filter>src\ui</Filter>
    </ClInclude>
    <ClInclude Include="src\magic\charge_cost.hpp">
      <Filter>src\magic</Filter>
    </ClInclude>
    <ClInclude Include="src\magic\heal.hpp">
      <Filter>src\magic</Filter>
    </ClInclude>
    <ClInclude Include="src\magic\shock.hpp">
      <Filter>src\magic</Filter>
    </ClInclude>
    <ClInclude Include="src\magic\spell.hpp">
      <Filter>src\magic</Filter>
    </ClInclude>
    <ClInclude Include="src\magic\teleport.hpp">
      <Filter>src\magic</Filter>
    </ClInclude>
    <ClInclude Include="src\items\armor\armor.hpp">
      <Filter>src\items\armor</Filter>
    </ClInclude>
    <ClInclude Include="src\items\magic\gatestone.hpp">
      <Filter>src\items\magic</Filter>
    </ClInclude>
    <ClInclude Include="src\items\potions\potion.hpp">
      <Filter>src\items\potions</Filter>
    </ClInclude>
    <ClInclude Include="src\items\weapons\weapon.hpp">
      <Filter>src\items\weapons</Filter>
    </ClInclude>
    <ClInclude Include="src\items\weapons\arrow.hpp">
      <Filter>src\items\weapons</Filter>
    </ClInclude>
    <ClInclude Include="src\items\weapons\attack.hpp">
      <Filter>src\items\weapons</Filter>
    </ClInclude>
    <ClInclude Include="src\items\weapons\bow.hpp">
      <Filter>src\items\weapons</Filter>
    </ClInclude>
    <ClInclude Include="src\items\weapons\modal_weapon.hpp">
      <Filter>src\items\weapons</Filter>
    </ClInclude>
    <ClInclude Include="src\items\weapons\quarterstaff.hpp">
      <Filter>src\items\weapons</Filter>
    </ClInclude>
    <ClInclude Include="src\items\weapons\quiver.hpp">
      <Filter>src\items\weapons</Filter>
    </ClInclude>
    <ClInclude Include="src\items\scroll.hpp">
      <Filter>src\items</Filter>
    </ClInclude>
    <ClInclude Include="src\items\breakable.hpp">
      <Filter>src\items</Filter>
    </ClInclude>
    <ClInclude Include="src\items\craftable.hpp">
      <Filter>src\items</Filter>
    </ClInclude>
    <ClInclude Include="src\items\equipment.hpp">
      <Filter>src\items</Filter>
    </ClInclude>
    <ClInclude Include="src\items\inventory.hpp">
      <Filter>src\items</Filter>
    </ClInclude>
    <ClInclude Include="src\items\item.hpp">
      <Filter>src\items</Filter>
    </ClInclude>
    <ClInclude Include="src\items\item_visitor.hpp">
      <Filter>src\items</Filter>
    </ClInclude>
    <ClInclude Include="src\entities\beings\stats\vision.hpp">
      <Filter>src\entities\beings\stats</Filter>
    </ClInclude>
    <ClInclude Include="src\entities\beings\stats\modifier.hpp">
      <Filter>src\entities\beings\stats</Filter>
    </ClInclude>
    <ClInclude Include="src\entities\beings\world_view.hpp">
      <Filter>src\entities\beings</Filter>
    </ClInclude>
    <ClInclude Include="src\entities\beings\human.hpp">
      <Filter>src\entities\beings</Filter>
    </ClInclude>
    <ClInclude Include="src\entities\beings\body_part.hpp">
      <Filter>src\entities\beings</Filter>
    </ClInclude>
    <ClInclude Include="src\entities\beings\body.hpp">
      <Filter>src\entities\beings</Filter>
    </ClInclude>
    <ClInclude Include="src\entities\beings\being.hpp">
      <Filter>src\entities\beings</Filter>
    </ClInclude>
    <ClInclude Include="src\entities\objects\object.hpp">
      <Filter>src\entities\objects</Filter>
    </ClInclude>
    <ClInclude Include="src\entities\objects\item_box.hpp">
      <Filter>src\entities\objects</Filter>
    </ClInclude>
    <ClInclude Include="src\entities\objects\corpse.hpp">
      <Filter>src\entities\objects</Filter>
    </ClInclude>
    <ClInclude Include="src\entities\objects\campfire.hpp">
      <Filter>src\entities\objects</Filter>
    </ClInclude>
    <ClInclude Include="src\entities\all_entities.hpp">
      <Filter>src\entities</Filter>
    </ClInclude>
    <ClInclude Include="src\entities\entity.hpp">
      <Filter>src\entities</Filter>
    </ClInclude>
    <ClInclude Include="src\entities\perception.hpp">
      <Filter>src\entities</Filter>
    </ClInclude>
    <ClInclude Include="src\magic\color.hpp">
      <Filter>src\magic</Filter>
    </ClInclude>
    <ClInclude Include="src\agents\queries\being.hpp">
      <Filter>src\agents\queries</Filter>
    </ClInclude>
    <ClInclude Include="src\agents\queries\count.hpp">
      <Filter>src\agents\queries</Filter>
    </ClInclude>
    <ClInclude Include="src\agents\queries\direction.hpp">
      <Filter>src\agents\queries</Filter>
    </ClInclude>
    <ClInclude Include="src\agents\queries\item.hpp">
      <Filter>src\agents\queries</Filter>
    </ClInclude>
    <ClInclude Include="src\agents\queries\magnitude.hpp">
      <Filter>src\agents\queries</Filter>
    </ClInclude>
    <ClInclude Include="src\agents\queries\tile.hpp">
      <Filter>src\agents\queries</Filter>
    </ClInclude>
    <ClInclude Include="src\agents\queries\vector.hpp">
      <Filter>src\agents\queries</Filter>
    </ClInclude>
    <ClInclude Include="src\entities\beings\statuses\healing.hpp">
      <Filter>src\entities\beings\statuses</Filter>
    </ClInclude>
    <ClInclude Include="src\entities\beings\statuses\blind.hpp">
      <Filter>src\entities\beings\statuses</Filter>
    </ClInclude>
    <ClInclude Include="src\entities\beings\statuses\confused.hpp">
      <Filter>src\entities\beings\statuses</Filter>
    </ClInclude>
    <ClInclude Include="src\entities\beings\statuses\deaf.hpp">
      <Filter>src\entities\beings\statuses</Filter>
    </ClInclude>
    <ClInclude Include="src\entities\beings\statuses\eagle_eyed.hpp">
      <Filter>src\entities\beings\statuses</Filter>
    </ClInclude>
    <ClInclude Include="src\entities\beings\statuses\illuminated.hpp">
      <Filter>src\entities\beings\statuses</Filter>
    </ClInclude>
    <ClInclude Include="src\entities\beings\statuses\mute.hpp">
      <Filter>src\entities\beings\statuses</Filter>
    </ClInclude>
    <ClInclude Include="src\entities\beings\statuses\nauseated.hpp">
      <Filter>src\entities\beings\statuses</Filter>
    </ClInclude>
    <ClInclude Include="src\entities\beings\statuses\numb.hpp">
      <Filter>src\entities\beings\statuses</Filter>
    </ClInclude>
    <ClInclude Include="src\entities\beings\statuses\poisoned.hpp">
      <Filter>src\entities\beings\statuses</Filter>
    </ClInclude>
    <ClInclude Include="src\entities\beings\statuses\status.hpp">
      <Filter>src\entities\beings\statuses</Filter>
    </ClInclude>
    <ClInclude Include="src\utility\nonnegative.hpp">
      <Filter>src\utility</Filter>
    </ClInclude>
    <ClInclude Include="src\entities\beings\stats\being.hpp">
      <Filter>src\entities\beings\stats</Filter>
    </ClInclude>
    <ClInclude Include="src\entities\beings\stats\aggregate.hpp">
      <Filter>src\entities\beings\stats</Filter>
    </ClInclude>
    <ClInclude Include="src\entities\beings\stats\part.hpp">
      <Filter>src\entities\beings\stats</Filter>
    </ClInclude>
    <ClInclude Include="src\utility\dynamic_property.hpp">
      <Filter>src\utility</Filter>
    </ClInclude>
    <ClInclude Include="src\utility\bounded.hpp">
      <Filter>src\utility</Filter>
    </ClInclude>
    <ClInclude Include="src\quantities\mass.hpp">
      <Filter>src\quantities</Filter>
    </ClInclude>
    <ClInclude Include="src\quantities\distance.hpp">
      <Filter>src\quantities</Filter>
    </ClInclude>
    <ClInclude Include="src\quantities\wall_time.hpp">
      <Filter>src\quantities</Filter>
    </ClInclude>
    <ClInclude Include="src\quantities\game_time.hpp">
      <Filter>src\quantities</Filter>
    </ClInclude>
    <ClInclude Include="src\utility\static_property.hpp">
      <Filter>src\utility</Filter>
    </ClInclude>
    <ClInclude Include="external\vecx\angle.hpp">
      <Filter>external\vecx</Filter>
    </ClInclude>
    <ClInclude Include="external\vecx\box.hpp">
      <Filter>external\vecx</Filter>
    </ClInclude>
    <ClInclude Include="external\vecx\constants.hpp">
      <Filter>external\vecx</Filter>
    </ClInclude>
    <ClInclude Include="external\vecx\hex_space.hpp">
      <Filter>external\vecx</Filter>
    </ClInclude>
    <ClInclude Include="external\vecx\point.hpp">
      <Filter>external\vecx</Filter>
    </ClInclude>
    <ClInclude Include="external\vecx\polygon.hpp">
      <Filter>external\vecx</Filter>
    </ClInclude>
    <ClInclude Include="external\vecx\sphere.hpp">
      <Filter>external\vecx</Filter>
    </ClInclude>
    <ClInclude Include="external\vecx\vector.hpp">
      <Filter>external\vecx</Filter>
    </ClInclude>
    <ClInclude Include="external\vecx\define_macros.hpp">
      <Filter>external\vecx</Filter>
    </ClInclude>
    <ClInclude Include="external\vecx\undef_macros.hpp">
      <Filter>external\vecx</Filter>
    </ClInclude>
    <ClInclude Include="src\world\world.hpp">
      <Filter>src\world</Filter>
    </ClInclude>
    <ClInclude Include="external\vecx\serialization\polygon.hpp">
      <Filter>external\vecx\serialization</Filter>
    </ClInclude>
    <ClInclude Include="external\vecx\serialization\sphere.hpp">
      <Filter>external\vecx\serialization</Filter>
    </ClInclude>
    <ClInclude Include="external\vecx\serialization\vector.hpp">
      <Filter>external\vecx\serialization</Filter>
    </ClInclude>
    <ClInclude Include="external\vecx\serialization\box.hpp">
      <Filter>external\vecx\serialization</Filter>
    </ClInclude>
    <ClInclude Include="external\vecx\serialization\point.hpp">
      <Filter>external\vecx\serialization</Filter>
    </ClInclude>
    <ClInclude Include="external\cancel\list.hpp">
      <Filter>external\cancel</Filter>
    </ClInclude>
    <ClInclude Include="external\cancel\quantity.hpp">
      <Filter>external\cancel</Filter>
    </ClInclude>
    <ClInclude Include="external\cancel\serialization.hpp">
      <Filter>external\cancel</Filter>
    </ClInclude>
    <ClInclude Include="external\cancel\unit.hpp">
      <Filter>external\cancel</Filter>
    </ClInclude>
    <ClInclude Include="external\cancel\algebra.hpp">
      <Filter>external\cancel</Filter>
    </ClInclude>
    <ClInclude Include="src\animation\scene_node.hpp">
      <Filter>src\animation</Filter>
    </ClInclude>
    <ClInclude Include="src\animation\sprite_sheet.hpp">
      <Filter>src\animation</Filter>
    </ClInclude>
    <ClInclude Include="src\animation\particles\sprite_particle.hpp">
      <Filter>src\animation\particles</Filter>
    </ClInclude>
    <ClInclude Include="src\animation\still_image.hpp">
      <Filter>src\animation</Filter>
    </ClInclude>
    <ClInclude Include="src\animation\still_shape.hpp">
      <Filter>src\animation</Filter>
    </ClInclude>
    <ClInclude Include="src\scenes\playing.hpp">
      <Filter>src\scenes</Filter>
    </ClInclude>
    <ClInclude Include="src\scenes\scene.hpp">
      <Filter>src\scenes</Filter>
    </ClInclude>
    <ClInclude Include="src\scenes\splash.hpp">
      <Filter>src\scenes</Filter>
    </ClInclude>
    <ClInclude Include="src\scenes\main_menu.hpp">
      <Filter>src\scenes</Filter>
    </ClInclude>
    <ClInclude Include="src\ui\input_manager.hpp">
      <Filter>src\ui</Filter>
    </ClInclude>
    <ClInclude Include="src\magic\telescope.hpp">
      <Filter>src\magic</Filter>
    </ClInclude>
    <ClInclude Include="src\rsrc\item.hpp">
      <Filter>src\rsrc</Filter>
    </ClInclude>
    <ClInclude Include="src\rsrc\spell.hpp">
      <Filter>src\rsrc</Filter>
    </ClInclude>
    <ClInclude Include="src\rsrc\splash.hpp">
      <Filter>src\rsrc</Filter>
    </ClInclude>
    <ClInclude Include="src\rsrc\tile.hpp">
      <Filter>src\rsrc</Filter>
    </ClInclude>
    <ClInclude Include="src\rsrc\utility.hpp">
      <Filter>src\rsrc</Filter>
    </ClInclude>
    <ClInclude Include="src\rsrc\world_renderer.hpp">
      <Filter>src\rsrc</Filter>
    </ClInclude>
    <ClInclude Include="src\rsrc\entity.hpp">
      <Filter>src\rsrc</Filter>
    </ClInclude>
    <ClInclude Include="src\rsrc\fonts.hpp">
      <Filter>src\rsrc</Filter>
    </ClInclude>
    <ClInclude Include="src\animation\animators.hpp">
      <Filter>src\animation</Filter>
    </ClInclude>
    <ClInclude Include="src\effects\lightning_bolt.hpp">
      <Filter>src\effects</Filter>
    </ClInclude>
    <ClInclude Include="src\effects\telescope.hpp">
      <Filter>src\effects</Filter>
    </ClInclude>
    <ClInclude Include="src\effects\arrow_attack.hpp">
      <Filter>src\effects</Filter>
    </ClInclude>
    <ClInclude Include="src\effects\injury.hpp">
      <Filter>src\effects</Filter>
    </ClInclude>
    <ClInclude Include="src\utility\visitation.hpp">
      <Filter>src\utility</Filter>
    </ClInclude>
    <ClInclude Include="src\agents\queries\all.hpp">
      <Filter>src\agents\queries</Filter>
    </ClInclude>
    <ClInclude Include="src\entities\beings\conditions.hpp">
      <Filter>src\entities\beings</Filter>
    </ClInclude>
    <ClInclude Include="src\entities\beings\species.hpp">
      <Filter>src\entities\beings</Filter>
    </ClInclude>
    <ClInclude Include="src\ui\widget.hpp">
      <Filter>src\ui</Filter>
    </ClInclude>
    <ClInclude Include="src\rsrc\particle.hpp">
      <Filter>src\rsrc</Filter>
    </ClInclude>
    <ClInclude Include="src\ui\being_widget.hpp">
      <Filter>src\ui</Filter>
    </ClInclude>
    <ClInclude Include="src\ui\object_widget.hpp">
      <Filter>src\ui</Filter>
    </ClInclude>
    <ClInclude Include="src\ui\tile_widget.hpp">
      <Filter>src\ui</Filter>
    </ClInclude>
    <ClInclude Include="src\ui\world_widget.hpp">
      <Filter>src\ui</Filter>
    </ClInclude>
    <ClInclude Include="src\quantities\misc.hpp">
      <Filter>src\quantities</Filter>
    </ClInclude>
    <ClInclude Include="src\ui\view_space.hpp">
      <Filter>src\ui</Filter>
    </ClInclude>
    <ClInclude Include="src\items\common_actions.hpp">
      <Filter>src\items</Filter>
    </ClInclude>
  </ItemGroup>
  <ItemGroup>
    <ClCompile Include="src\main.cpp">
      <Filter>src</Filter>
    </ClCompile>
    <ClCompile Include="src\game.cpp">
      <Filter>src</Filter>
    </ClCompile>
    <ClCompile Include="src\animation\particle_animation.cpp">
      <Filter>src\animation</Filter>
    </ClCompile>
    <ClCompile Include="src\animation\sprite_animation.cpp">
      <Filter>src\animation</Filter>
    </ClCompile>
    <ClCompile Include="src\animation\animation.cpp">
      <Filter>src\animation</Filter>
    </ClCompile>
    <ClCompile Include="src\animation\particles\blue_magic_particle.cpp">
      <Filter>src\animation\particles</Filter>
    </ClCompile>
    <ClCompile Include="src\animation\particles\flame_particle.cpp">
      <Filter>src\animation\particles</Filter>
    </ClCompile>
    <ClCompile Include="src\animation\particles\green_magic_particle.cpp">
      <Filter>src\animation\particles</Filter>
    </ClCompile>
    <ClCompile Include="src\animation\particles\particle.cpp">
      <Filter>src\animation\particles</Filter>
    </ClCompile>
    <ClCompile Include="src\animation\particles\red_magic_particle.cpp">
      <Filter>src\animation\particles</Filter>
    </ClCompile>
    <ClCompile Include="src\animation\particles\text_particle.cpp">
      <Filter>src\animation\particles</Filter>
    </ClCompile>
    <ClCompile Include="src\animation\particles\white_magic_particle.cpp">
      <Filter>src\animation\particles</Filter>
    </ClCompile>
    <ClCompile Include="src\animation\particles\yellow_magic_particle.cpp">
      <Filter>src\animation\particles</Filter>
    </ClCompile>
    <ClCompile Include="src\animation\particles\black_magic_particle.cpp">
      <Filter>src\animation\particles</Filter>
    </ClCompile>
    <ClCompile Include="src\animation\particles\blood_particle.cpp">
      <Filter>src\animation\particles</Filter>
    </ClCompile>
    <ClCompile Include="src\damage\group.cpp">
      <Filter>src\damage</Filter>
    </ClCompile>
    <ClCompile Include="src\damage\damage.cpp">
      <Filter>src\damage</Filter>
    </ClCompile>
    <ClCompile Include="src\entities\objects\campfire.cpp">
      <Filter>src\entities\objects</Filter>
    </ClCompile>
    <ClCompile Include="src\entities\objects\object.cpp">
      <Filter>src\entities\objects</Filter>
    </ClCompile>
    <ClCompile Include="src\entities\beings\stats\vision.cpp">
      <Filter>src\entities\beings\stats</Filter>
    </ClCompile>
    <ClCompile Include="src\entities\beings\statuses\healing.cpp">
      <Filter>src\entities\beings\statuses</Filter>
    </ClCompile>
    <ClCompile Include="src\entities\beings\statuses\poisoned.cpp">
      <Filter>src\entities\beings\statuses</Filter>
    </ClCompile>
    <ClCompile Include="src\entities\beings\statuses\status.cpp">
      <Filter>src\entities\beings\statuses</Filter>
    </ClCompile>
    <ClCompile Include="src\entities\beings\human.cpp">
      <Filter>src\entities\beings</Filter>
    </ClCompile>
    <ClCompile Include="src\entities\beings\world_view.cpp">
      <Filter>src\entities\beings</Filter>
    </ClCompile>
    <ClCompile Include="src\entities\beings\being.cpp">
      <Filter>src\entities\beings</Filter>
    </ClCompile>
    <ClCompile Include="src\entities\beings\body.cpp">
      <Filter>src\entities\beings</Filter>
    </ClCompile>
    <ClCompile Include="src\entities\beings\body_part.cpp">
      <Filter>src\entities\beings</Filter>
    </ClCompile>
    <ClCompile Include="src\items\equipment.cpp">
      <Filter>src\items</Filter>
    </ClCompile>
    <ClCompile Include="src\items\inventory.cpp">
      <Filter>src\items</Filter>
    </ClCompile>
    <ClCompile Include="src\items\item.cpp">
      <Filter>src\items</Filter>
    </ClCompile>
    <ClCompile Include="src\items\scroll.cpp">
      <Filter>src\items</Filter>
    </ClCompile>
    <ClCompile Include="src\items\armor\armor.cpp">
      <Filter>src\items\armor</Filter>
    </ClCompile>
    <ClCompile Include="src\items\magic\gatestone.cpp">
      <Filter>src\items\magic</Filter>
    </ClCompile>
    <ClCompile Include="src\items\weapons\weapon.cpp">
      <Filter>src\items\weapons</Filter>
    </ClCompile>
    <ClCompile Include="src\items\weapons\attack.cpp">
      <Filter>src\items\weapons</Filter>
    </ClCompile>
    <ClCompile Include="src\items\weapons\bow.cpp">
      <Filter>src\items\weapons</Filter>
    </ClCompile>
    <ClCompile Include="src\magic\heal.cpp">
      <Filter>src\magic</Filter>
    </ClCompile>
    <ClCompile Include="src\magic\shock.cpp">
      <Filter>src\magic</Filter>
    </ClCompile>
    <ClCompile Include="src\magic\spell.cpp">
      <Filter>src\magic</Filter>
    </ClCompile>
    <ClCompile Include="src\magic\teleport.cpp">
      <Filter>src\magic</Filter>
    </ClCompile>
    <ClCompile Include="src\ui\player_action_dialog.cpp">
      <Filter>src\ui</Filter>
    </ClCompile>
    <ClCompile Include="src\ui\tile_dialog.cpp">
      <Filter>src\ui</Filter>
    </ClCompile>
    <ClCompile Include="src\ui\vector_dialog.cpp">
      <Filter>src\ui</Filter>
    </ClCompile>
    <ClCompile Include="src\ui\count_dialog.cpp">
      <Filter>src\ui</Filter>
    </ClCompile>
    <ClCompile Include="src\ui\dialog.cpp">
      <Filter>src\ui</Filter>
    </ClCompile>
    <ClCompile Include="src\ui\digraph_menu.cpp">
      <Filter>src\ui</Filter>
    </ClCompile>
    <ClCompile Include="src\ui\direction_dialog.cpp">
      <Filter>src\ui</Filter>
    </ClCompile>
    <ClCompile Include="src\ui\hud.cpp">
      <Filter>src\ui</Filter>
    </ClCompile>
    <ClCompile Include="src\ui\magnitude_dialog.cpp">
      <Filter>src\ui</Filter>
    </ClCompile>
    <ClCompile Include="src\ui\message_dialog.cpp">
      <Filter>src\ui</Filter>
    </ClCompile>
    <ClCompile Include="src\ui\qte\shock.cpp">
      <Filter>src\ui\qte</Filter>
    </ClCompile>
    <ClCompile Include="src\ui\qte\incant.cpp">
      <Filter>src\ui\qte</Filter>
    </ClCompile>
    <ClCompile Include="src\utility\utility.cpp">
      <Filter>src\utility</Filter>
    </ClCompile>
    <ClCompile Include="src\world\region.cpp">
      <Filter>src\world</Filter>
    </ClCompile>
    <ClCompile Include="src\world\section.cpp">
      <Filter>src\world</Filter>
    </ClCompile>
    <ClCompile Include="src\world\light_source.cpp">
      <Filter>src\world</Filter>
    </ClCompile>
    <ClCompile Include="src\agents\agent.cpp">
      <Filter>src\agents</Filter>
    </ClCompile>
    <ClCompile Include="src\agents\basic_ai.cpp">
      <Filter>src\agents</Filter>
    </ClCompile>
    <ClCompile Include="src\agents\lazy_ai.cpp">
      <Filter>src\agents</Filter>
    </ClCompile>
    <ClCompile Include="src\agents\player.cpp">
      <Filter>src\agents</Filter>
    </ClCompile>
    <ClCompile Include="src\agents\action.cpp">
      <Filter>src\agents</Filter>
    </ClCompile>
    <ClCompile Include="src\utility\debug.cpp">
      <Filter>src\utility</Filter>
    </ClCompile>
    <ClCompile Include="src\utility\io.cpp">
      <Filter>src\utility</Filter>
    </ClCompile>
    <ClCompile Include="src\animation\particles\arrow_particle.cpp">
      <Filter>src\animation\particles</Filter>
    </ClCompile>
    <ClCompile Include="src\ui\qte\aim_missile.cpp">
      <Filter>src\ui\qte</Filter>
    </ClCompile>
    <ClCompile Include="src\animation\bleeding.cpp">
      <Filter>src\animation</Filter>
    </ClCompile>
    <ClCompile Include="src\items\weapons\quarterstaff.cpp">
      <Filter>src\items\weapons</Filter>
    </ClCompile>
    <ClCompile Include="src\items\weapons\quiver.cpp">
      <Filter>src\items\weapons</Filter>
    </ClCompile>
    <ClCompile Include="src\items\weapons\modal_weapon.cpp">
      <Filter>src\items\weapons</Filter>
    </ClCompile>
    <ClCompile Include="src\magic\charge_cost.cpp">
      <Filter>src\magic</Filter>
    </ClCompile>
    <ClCompile Include="src\animation\flame.cpp">
      <Filter>src\animation</Filter>
    </ClCompile>
    <ClCompile Include="src\animation\particles\sprite_particle.cpp">
      <Filter>src\animation\particles</Filter>
    </ClCompile>
    <ClCompile Include="external\fmt\format.cc">
      <Filter>external\fmt</Filter>
    </ClCompile>
    <ClCompile Include="src\animation\item_animator.cpp">
      <Filter>src\animation</Filter>
    </ClCompile>
    <ClCompile Include="src\animation\still_image.cpp">
      <Filter>src\animation</Filter>
    </ClCompile>
    <ClCompile Include="src\animation\still_shape.cpp">
      <Filter>src\animation</Filter>
    </ClCompile>
    <ClCompile Include="src\scenes\scene.cpp">
      <Filter>src\scenes</Filter>
    </ClCompile>
    <ClCompile Include="src\scenes\splash.cpp">
      <Filter>src\scenes</Filter>
    </ClCompile>
    <ClCompile Include="src\scenes\main_menu.cpp">
      <Filter>src\scenes</Filter>
    </ClCompile>
    <ClCompile Include="src\scenes\playing.cpp">
      <Filter>src\scenes</Filter>
    </ClCompile>
    <ClCompile Include="src\ui\input_manager.cpp">
      <Filter>src\ui</Filter>
    </ClCompile>
    <ClCompile Include="src\ui\list_dialog.cpp">
      <Filter>src\ui</Filter>
    </ClCompile>
    <ClCompile Include="src\magic\telescope.cpp">
      <Filter>src\magic</Filter>
    </ClCompile>
    <ClCompile Include="src\animation\animators.cpp">
      <Filter>src\animation</Filter>
    </ClCompile>
    <ClCompile Include="src\effects\effect.cpp">
      <Filter>src\effects</Filter>
    </ClCompile>
    <ClCompile Include="src\ui\label.hpp">
      <Filter>src\ui</Filter>
    </ClCompile>
    <ClCompile Include="src\ui\label.cpp">
      <Filter>src\ui</Filter>
    </ClCompile>
    <ClCompile Include="src\ui\being_widget.cpp">
      <Filter>src\ui</Filter>
    </ClCompile>
    <ClCompile Include="src\ui\object_widget.cpp">
      <Filter>src\ui</Filter>
    </ClCompile>
    <ClCompile Include="src\ui\tile_widget.cpp">
      <Filter>src\ui</Filter>
    </ClCompile>
    <ClCompile Include="src\ui\world_widget.cpp">
      <Filter>src\ui</Filter>
    </ClCompile>
    <ClCompile Include="src\items\weapons\arrow.cpp">
      <Filter>src\items\weapons</Filter>
    </ClCompile>
    <ClCompile Include="src\items\common_actions.cpp">
      <Filter>src\items</Filter>
    </ClCompile>
  </ItemGroup>
</Project>