
Microsoft Visual Studio Solution File, Format Version 12.00
# Visual Studio 2012
Project("{8BC9CEB8-8B4A-11D0-8D11-00A0C91BC942}") = "Questless", "Questless\Questless.vcxproj", "{D44739D1-4AB7-4180-BCAE-393BA1F74BDA}"
EndProject
Global
	GlobalSection(SolutionConfigurationPlatforms) = preSolution
		Debug|Win32 = Debug|Win32
		Release|Win32 = Release|Win32
	EndGlobalSection
	GlobalSection(ProjectConfigurationPlatforms) = postSolution
		{D44739D1-4AB7-4180-BCAE-393BA1F74BDA}.Debug|Win32.ActiveCfg = Debug|Win32
		{D44739D1-4AB7-4180-BCAE-393BA1F74BDA}.Debug|Win32.Build.0 = Debug|Win32
		{D44739D1-4AB7-4180-BCAE-393BA1F74BDA}.Release|Win32.ActiveCfg = Release|Win32
		{D44739D1-4AB7-4180-BCAE-393BA1F74BDA}.Release|Win32.Build.0 = Release|Win32
	EndGlobalSection
	GlobalSection(SolutionProperties) = preSolution
		HideSolutionNode = FALSE
	EndGlobalSection
EndGlobal
